
Microsoft Visual Studio Solution File, Format Version 12.00
# Visual Studio 15
VisualStudioVersion = 15.0.28307.1145
MinimumVisualStudioVersion = 10.0.40219.1
Project("{FAE04EC0-301F-11D3-BF4B-00C04F79EFBC}") = "Project.Domain", "Project.Domain\Project.Domain.csproj", "{C643500F-FFDC-4EF0-993C-583582E7CDD5}"
EndProject
Project("{FAE04EC0-301F-11D3-BF4B-00C04F79EFBC}") = "Project.Http", "Project.Http\Project.Http.csproj", "{0C191625-540B-4F4F-BD14-BFF8B487583A}"
EndProject
Project("{FAE04EC0-301F-11D3-BF4B-00C04F79EFBC}") = "Project.UI", "Project.UI\Project.UI.csproj", "{92C40A1A-380A-4BC0-90AD-795DE8B15D00}"
EndProject
Project("{FAE04EC0-301F-11D3-BF4B-00C04F79EFBC}") = "Project.Test", "Project.Test\Project.Test.csproj", "{DA7CE74A-45F5-4379-B145-477FFB6C2FF2}"
EndProject
Global
	GlobalSection(SolutionConfigurationPlatforms) = preSolution
		Debug|Any CPU = Debug|Any CPU
		Release|Any CPU = Release|Any CPU
	EndGlobalSection
	GlobalSection(ProjectConfigurationPlatforms) = postSolution
		{C643500F-FFDC-4EF0-993C-583582E7CDD5}.Debug|Any CPU.ActiveCfg = Debug|Any CPU
		{C643500F-FFDC-4EF0-993C-583582E7CDD5}.Debug|Any CPU.Build.0 = Debug|Any CPU
		{C643500F-FFDC-4EF0-993C-583582E7CDD5}.Release|Any CPU.ActiveCfg = Release|Any CPU
		{C643500F-FFDC-4EF0-993C-583582E7CDD5}.Release|Any CPU.Build.0 = Release|Any CPU
		{0C191625-540B-4F4F-BD14-BFF8B487583A}.Debug|Any CPU.ActiveCfg = Debug|Any CPU
		{0C191625-540B-4F4F-BD14-BFF8B487583A}.Debug|Any CPU.Build.0 = Debug|Any CPU
		{0C191625-540B-4F4F-BD14-BFF8B487583A}.Release|Any CPU.ActiveCfg = Release|Any CPU
		{0C191625-540B-4F4F-BD14-BFF8B487583A}.Release|Any CPU.Build.0 = Release|Any CPU
		{92C40A1A-380A-4BC0-90AD-795DE8B15D00}.Debug|Any CPU.ActiveCfg = Debug|Any CPU
		{92C40A1A-380A-4BC0-90AD-795DE8B15D00}.Debug|Any CPU.Build.0 = Debug|Any CPU
		{92C40A1A-380A-4BC0-90AD-795DE8B15D00}.Release|Any CPU.ActiveCfg = Release|Any CPU
		{92C40A1A-380A-4BC0-90AD-795DE8B15D00}.Release|Any CPU.Build.0 = Release|Any CPU
		{DA7CE74A-45F5-4379-B145-477FFB6C2FF2}.Debug|Any CPU.ActiveCfg = Debug|Any CPU
		{DA7CE74A-45F5-4379-B145-477FFB6C2FF2}.Debug|Any CPU.Build.0 = Debug|Any CPU
		{DA7CE74A-45F5-4379-B145-477FFB6C2FF2}.Release|Any CPU.ActiveCfg = Release|Any CPU
		{DA7CE74A-45F5-4379-B145-477FFB6C2FF2}.Release|Any CPU.Build.0 = Release|Any CPU
	EndGlobalSection
	GlobalSection(SolutionProperties) = preSolution
		HideSolutionNode = FALSE
	EndGlobalSection
	GlobalSection(ExtensibilityGlobals) = postSolution
		SolutionGuid = {51DE9AE5-1DC7-4569-B623-C1E47727DB0C}
	EndGlobalSection
EndGlobal
